
Microsoft Visual Studio Solution File, Format Version 12.00
# Visual Studio Version 17
VisualStudioVersion = 17.12.35728.132 d17.12
MinimumVisualStudioVersion = 10.0.40219.1
Project("{FAE04EC0-301F-11D3-BF4B-00C04F79EFBC}") = "BlazorWebDocker", "BlazorWebDocker\BlazorWebDocker.csproj", "{864533B3-9727-4972-AA67-278B995D05E6}"
EndProject
Project("{FAE04EC0-301F-11D3-BF4B-00C04F79EFBC}") = "ApiDocker", "ApiDocker\ApiDocker.csproj", "{D6D9D875-667E-48C2-8FF2-1AD97A2AEBD3}"
EndProject
Project("{E53339B2-1760-4266-BCC7-CA923CBCF16C}") = "docker-compose", "docker-compose.dcproj", "{CFF74B2A-982E-4E85-A68B-EF28FB8B7960}"
EndProject
Global
	GlobalSection(SolutionConfigurationPlatforms) = preSolution
		Debug|Any CPU = Debug|Any CPU
		Release|Any CPU = Release|Any CPU
	EndGlobalSection
	GlobalSection(ProjectConfigurationPlatforms) = postSolution
		{864533B3-9727-4972-AA67-278B995D05E6}.Debug|Any CPU.ActiveCfg = Debug|Any CPU
		{864533B3-9727-4972-AA67-278B995D05E6}.Debug|Any CPU.Build.0 = Debug|Any CPU
		{864533B3-9727-4972-AA67-278B995D05E6}.Release|Any CPU.ActiveCfg = Release|Any CPU
		{864533B3-9727-4972-AA67-278B995D05E6}.Release|Any CPU.Build.0 = Release|Any CPU
		{D6D9D875-667E-48C2-8FF2-1AD97A2AEBD3}.Debug|Any CPU.ActiveCfg = Debug|Any CPU
		{D6D9D875-667E-48C2-8FF2-1AD97A2AEBD3}.Debug|Any CPU.Build.0 = Debug|Any CPU
		{D6D9D875-667E-48C2-8FF2-1AD97A2AEBD3}.Release|Any CPU.ActiveCfg = Release|Any CPU
		{D6D9D875-667E-48C2-8FF2-1AD97A2AEBD3}.Release|Any CPU.Build.0 = Release|Any CPU
		{CFF74B2A-982E-4E85-A68B-EF28FB8B7960}.Debug|Any CPU.ActiveCfg = Debug|Any CPU
		{CFF74B2A-982E-4E85-A68B-EF28FB8B7960}.Debug|Any CPU.Build.0 = Debug|Any CPU
		{CFF74B2A-982E-4E85-A68B-EF28FB8B7960}.Release|Any CPU.ActiveCfg = Release|Any CPU
		{CFF74B2A-982E-4E85-A68B-EF28FB8B7960}.Release|Any CPU.Build.0 = Release|Any CPU
	EndGlobalSection
	GlobalSection(SolutionProperties) = preSolution
		HideSolutionNode = FALSE
	EndGlobalSection
EndGlobal
